
Microsoft Visual Studio Solution File, Format Version 12.00
# Visual Studio Version 17
VisualStudioVersion = 17.10.34928.147
MinimumVisualStudioVersion = 10.0.40219.1
Project("{9A19103F-16F7-4668-BE54-9A1E7A4F7556}") = "Blend.Cms12", "Blend.Cms12.csproj", "{8E6BE239-ECA9-446C-AB6A-6552893F2AD0}"
EndProject
Global
	GlobalSection(SolutionConfigurationPlatforms) = preSolution
		Debug|Any CPU = Debug|Any CPU
		Release|Any CPU = Release|Any CPU
	EndGlobalSection
	GlobalSection(ProjectConfigurationPlatforms) = postSolution
		{8E6BE239-ECA9-446C-AB6A-6552893F2AD0}.Debug|Any CPU.ActiveCfg = Debug|Any CPU
		{8E6BE239-ECA9-446C-AB6A-6552893F2AD0}.Debug|Any CPU.Build.0 = Debug|Any CPU
		{8E6BE239-ECA9-446C-AB6A-6552893F2AD0}.Release|Any CPU.ActiveCfg = Release|Any CPU
		{8E6BE239-ECA9-446C-AB6A-6552893F2AD0}.Release|Any CPU.Build.0 = Release|Any CPU
	EndGlobalSection
	GlobalSection(SolutionProperties) = preSolution
		HideSolutionNode = FALSE
	EndGlobalSection
	GlobalSection(ExtensibilityGlobals) = postSolution
		SolutionGuid = {32D49BC9-661C-4A19-942C-C4AEF2492B33}
	EndGlobalSection
EndGlobal
